
Microsoft Visual Studio Solution File, Format Version 12.00
# Visual Studio Version 16
VisualStudioVersion = 16.0.29911.84
MinimumVisualStudioVersion = 10.0.40219.1
Project("{FAE04EC0-301F-11D3-BF4B-00C04F79EFBC}") = "GUI_Array_Search", "GUI_Array_Search\GUI_Array_Search.csproj", "{96FD72B7-C577-40CD-83E0-5922DF9B8BB1}"
EndProject
Global
	GlobalSection(SolutionConfigurationPlatforms) = preSolution
		Debug|Any CPU = Debug|Any CPU
		Release|Any CPU = Release|Any CPU
	EndGlobalSection
	GlobalSection(ProjectConfigurationPlatforms) = postSolution
		{96FD72B7-C577-40CD-83E0-5922DF9B8BB1}.Debug|Any CPU.ActiveCfg = Debug|Any CPU
		{96FD72B7-C577-40CD-83E0-5922DF9B8BB1}.Debug|Any CPU.Build.0 = Debug|Any CPU
		{96FD72B7-C577-40CD-83E0-5922DF9B8BB1}.Release|Any CPU.ActiveCfg = Release|Any CPU
		{96FD72B7-C577-40CD-83E0-5922DF9B8BB1}.Release|Any CPU.Build.0 = Release|Any CPU
	EndGlobalSection
	GlobalSection(SolutionProperties) = preSolution
		HideSolutionNode = FALSE
	EndGlobalSection
	GlobalSection(ExtensibilityGlobals) = postSolution
		SolutionGuid = {5AF3CA75-D573-4711-A8C8-7F6A763A5BD4}
	EndGlobalSection
EndGlobal
