
Microsoft Visual Studio Solution File, Format Version 12.00
# Visual Studio Version 16
VisualStudioVersion = 16.0.29411.108
MinimumVisualStudioVersion = 10.0.40219.1
Project("{FAE04EC0-301F-11D3-BF4B-00C04F79EFBC}") = "Temperature_Conversion", "Temperature_Conversion\Temperature_Conversion.csproj", "{BCA375D6-EC74-41F6-9948-D24712EF42DE}"
EndProject
Global
	GlobalSection(SolutionConfigurationPlatforms) = preSolution
		Debug|Any CPU = Debug|Any CPU
		Release|Any CPU = Release|Any CPU
	EndGlobalSection
	GlobalSection(ProjectConfigurationPlatforms) = postSolution
		{BCA375D6-EC74-41F6-9948-D24712EF42DE}.Debug|Any CPU.ActiveCfg = Debug|Any CPU
		{BCA375D6-EC74-41F6-9948-D24712EF42DE}.Debug|Any CPU.Build.0 = Debug|Any CPU
		{BCA375D6-EC74-41F6-9948-D24712EF42DE}.Release|Any CPU.ActiveCfg = Release|Any CPU
		{BCA375D6-EC74-41F6-9948-D24712EF42DE}.Release|Any CPU.Build.0 = Release|Any CPU
	EndGlobalSection
	GlobalSection(SolutionProperties) = preSolution
		HideSolutionNode = FALSE
	EndGlobalSection
	GlobalSection(ExtensibilityGlobals) = postSolution
		SolutionGuid = {17BB6021-6787-4578-B374-B1D61FC222F8}
	EndGlobalSection
EndGlobal
