
Microsoft Visual Studio Solution File, Format Version 12.00
# Visual Studio Version 16
VisualStudioVersion = 16.0.29411.108
MinimumVisualStudioVersion = 10.0.40219.1
Project("{FAE04EC0-301F-11D3-BF4B-00C04F79EFBC}") = "Sum_Average_Min_Max", "Sum_Average_Min_Max\Sum_Average_Min_Max.csproj", "{F89AA5CF-A839-4775-89BE-FB10390B50A7}"
EndProject
Global
	GlobalSection(SolutionConfigurationPlatforms) = preSolution
		Debug|Any CPU = Debug|Any CPU
		Release|Any CPU = Release|Any CPU
	EndGlobalSection
	GlobalSection(ProjectConfigurationPlatforms) = postSolution
		{F89AA5CF-A839-4775-89BE-FB10390B50A7}.Debug|Any CPU.ActiveCfg = Debug|Any CPU
		{F89AA5CF-A839-4775-89BE-FB10390B50A7}.Debug|Any CPU.Build.0 = Debug|Any CPU
		{F89AA5CF-A839-4775-89BE-FB10390B50A7}.Release|Any CPU.ActiveCfg = Release|Any CPU
		{F89AA5CF-A839-4775-89BE-FB10390B50A7}.Release|Any CPU.Build.0 = Release|Any CPU
	EndGlobalSection
	GlobalSection(SolutionProperties) = preSolution
		HideSolutionNode = FALSE
	EndGlobalSection
	GlobalSection(ExtensibilityGlobals) = postSolution
		SolutionGuid = {A39A7BE5-17C4-4164-B05A-951B4EA4E3DB}
	EndGlobalSection
EndGlobal
