
Microsoft Visual Studio Solution File, Format Version 12.00
# Visual Studio Version 16
VisualStudioVersion = 16.0.29411.108
MinimumVisualStudioVersion = 10.0.40219.1
Project("{FAE04EC0-301F-11D3-BF4B-00C04F79EFBC}") = "GUI_Technical_Support", "GUI_Technical_Support\GUI_Technical_Support.csproj", "{1E831CD7-794C-4148-8B11-D01B76B8529A}"
EndProject
Global
	GlobalSection(SolutionConfigurationPlatforms) = preSolution
		Debug|Any CPU = Debug|Any CPU
		Release|Any CPU = Release|Any CPU
	EndGlobalSection
	GlobalSection(ProjectConfigurationPlatforms) = postSolution
		{1E831CD7-794C-4148-8B11-D01B76B8529A}.Debug|Any CPU.ActiveCfg = Debug|Any CPU
		{1E831CD7-794C-4148-8B11-D01B76B8529A}.Debug|Any CPU.Build.0 = Debug|Any CPU
		{1E831CD7-794C-4148-8B11-D01B76B8529A}.Release|Any CPU.ActiveCfg = Release|Any CPU
		{1E831CD7-794C-4148-8B11-D01B76B8529A}.Release|Any CPU.Build.0 = Release|Any CPU
	EndGlobalSection
	GlobalSection(SolutionProperties) = preSolution
		HideSolutionNode = FALSE
	EndGlobalSection
	GlobalSection(ExtensibilityGlobals) = postSolution
		SolutionGuid = {1F915AF3-891B-463C-B0A0-2CAF803336AE}
	EndGlobalSection
EndGlobal
